
Microsoft Visual Studio Solution File, Format Version 12.00
# Visual Studio 14
VisualStudioVersion = 14.0.25123.0
MinimumVisualStudioVersion = 10.0.40219.1
Project("{8BC9CEB8-8B4A-11D0-8D11-00A0C91BC942}") = "homography_warping", "homography_warping\homography_warping.vcxproj", "{021C3BD9-517E-40EB-A458-21BC3803CAFA}"
EndProject
Project("{8BC9CEB8-8B4A-11D0-8D11-00A0C91BC942}") = "akaze_feature_matching", "akaze_feature_matching\akaze_feature_matching.vcxproj", "{E5FB5B10-222C-4939-8C20-65CE99B5FD3C}"
EndProject
Project("{8BC9CEB8-8B4A-11D0-8D11-00A0C91BC942}") = "rotate_image_and_camera_axis", "rotate_image_and_camera_axis\rotate_image_and_camera_axis.vcxproj", "{48886C0F-4440-46FD-8F58-A75CF5C92ECD}"
EndProject
Project("{8BC9CEB8-8B4A-11D0-8D11-00A0C91BC942}") = "klt_feature_tracking", "klt_feature_tracking\klt_feature_tracking.vcxproj", "{E600B955-DB2F-4808-AEA1-62EAA9A9EBE7}"
EndProject
Project("{8BC9CEB8-8B4A-11D0-8D11-00A0C91BC942}") = "opencv_tracker", "opencv_tracker\opencv_tracker.vcxproj", "{7F827E62-CE5D-4C0E-9690-0D896E69D497}"
EndProject
Project("{8BC9CEB8-8B4A-11D0-8D11-00A0C91BC942}") = "compute_and_draw_epipolar_lines", "compute_and_draw_epipolar_lines\compute_and_draw_epipolar_lines.vcxproj", "{36DD7DB1-09B3-4BEE-9125-995E81E3D700}"
EndProject
Project("{8BC9CEB8-8B4A-11D0-8D11-00A0C91BC942}") = "experiment_homography_composition", "experiment_homography_composition\experiment_homography_composition.vcxproj", "{81C69B0F-F146-4584-AC36-C026ED6E7822}"
EndProject
Global
	GlobalSection(SolutionConfigurationPlatforms) = preSolution
		Debug|x64 = Debug|x64
		Debug|x86 = Debug|x86
		Release|x64 = Release|x64
		Release|x86 = Release|x86
	EndGlobalSection
	GlobalSection(ProjectConfigurationPlatforms) = postSolution
		{021C3BD9-517E-40EB-A458-21BC3803CAFA}.Debug|x64.ActiveCfg = Debug|x64
		{021C3BD9-517E-40EB-A458-21BC3803CAFA}.Debug|x64.Build.0 = Debug|x64
		{021C3BD9-517E-40EB-A458-21BC3803CAFA}.Debug|x86.ActiveCfg = Debug|Win32
		{021C3BD9-517E-40EB-A458-21BC3803CAFA}.Debug|x86.Build.0 = Debug|Win32
		{021C3BD9-517E-40EB-A458-21BC3803CAFA}.Release|x64.ActiveCfg = Release|x64
		{021C3BD9-517E-40EB-A458-21BC3803CAFA}.Release|x64.Build.0 = Release|x64
		{021C3BD9-517E-40EB-A458-21BC3803CAFA}.Release|x86.ActiveCfg = Release|Win32
		{021C3BD9-517E-40EB-A458-21BC3803CAFA}.Release|x86.Build.0 = Release|Win32
		{E5FB5B10-222C-4939-8C20-65CE99B5FD3C}.Debug|x64.ActiveCfg = Debug|x64
		{E5FB5B10-222C-4939-8C20-65CE99B5FD3C}.Debug|x64.Build.0 = Debug|x64
		{E5FB5B10-222C-4939-8C20-65CE99B5FD3C}.Debug|x86.ActiveCfg = Debug|Win32
		{E5FB5B10-222C-4939-8C20-65CE99B5FD3C}.Debug|x86.Build.0 = Debug|Win32
		{E5FB5B10-222C-4939-8C20-65CE99B5FD3C}.Release|x64.ActiveCfg = Release|x64
		{E5FB5B10-222C-4939-8C20-65CE99B5FD3C}.Release|x64.Build.0 = Release|x64
		{E5FB5B10-222C-4939-8C20-65CE99B5FD3C}.Release|x86.ActiveCfg = Release|Win32
		{E5FB5B10-222C-4939-8C20-65CE99B5FD3C}.Release|x86.Build.0 = Release|Win32
		{48886C0F-4440-46FD-8F58-A75CF5C92ECD}.Debug|x64.ActiveCfg = Debug|x64
		{48886C0F-4440-46FD-8F58-A75CF5C92ECD}.Debug|x64.Build.0 = Debug|x64
		{48886C0F-4440-46FD-8F58-A75CF5C92ECD}.Debug|x86.ActiveCfg = Debug|Win32
		{48886C0F-4440-46FD-8F58-A75CF5C92ECD}.Debug|x86.Build.0 = Debug|Win32
		{48886C0F-4440-46FD-8F58-A75CF5C92ECD}.Release|x64.ActiveCfg = Release|x64
		{48886C0F-4440-46FD-8F58-A75CF5C92ECD}.Release|x64.Build.0 = Release|x64
		{48886C0F-4440-46FD-8F58-A75CF5C92ECD}.Release|x86.ActiveCfg = Release|Win32
		{48886C0F-4440-46FD-8F58-A75CF5C92ECD}.Release|x86.Build.0 = Release|Win32
		{E600B955-DB2F-4808-AEA1-62EAA9A9EBE7}.Debug|x64.ActiveCfg = Debug|x64
		{E600B955-DB2F-4808-AEA1-62EAA9A9EBE7}.Debug|x64.Build.0 = Debug|x64
		{E600B955-DB2F-4808-AEA1-62EAA9A9EBE7}.Debug|x86.ActiveCfg = Debug|Win32
		{E600B955-DB2F-4808-AEA1-62EAA9A9EBE7}.Debug|x86.Build.0 = Debug|Win32
		{E600B955-DB2F-4808-AEA1-62EAA9A9EBE7}.Release|x64.ActiveCfg = Release|x64
		{E600B955-DB2F-4808-AEA1-62EAA9A9EBE7}.Release|x64.Build.0 = Release|x64
		{E600B955-DB2F-4808-AEA1-62EAA9A9EBE7}.Release|x86.ActiveCfg = Release|Win32
		{E600B955-DB2F-4808-AEA1-62EAA9A9EBE7}.Release|x86.Build.0 = Release|Win32
		{7F827E62-CE5D-4C0E-9690-0D896E69D497}.Debug|x64.ActiveCfg = Debug|x64
		{7F827E62-CE5D-4C0E-9690-0D896E69D497}.Debug|x64.Build.0 = Debug|x64
		{7F827E62-CE5D-4C0E-9690-0D896E69D497}.Debug|x86.ActiveCfg = Debug|Win32
		{7F827E62-CE5D-4C0E-9690-0D896E69D497}.Debug|x86.Build.0 = Debug|Win32
		{7F827E62-CE5D-4C0E-9690-0D896E69D497}.Release|x64.ActiveCfg = Release|x64
		{7F827E62-CE5D-4C0E-9690-0D896E69D497}.Release|x64.Build.0 = Release|x64
		{7F827E62-CE5D-4C0E-9690-0D896E69D497}.Release|x86.ActiveCfg = Release|Win32
		{7F827E62-CE5D-4C0E-9690-0D896E69D497}.Release|x86.Build.0 = Release|Win32
		{36DD7DB1-09B3-4BEE-9125-995E81E3D700}.Debug|x64.ActiveCfg = Debug|x64
		{36DD7DB1-09B3-4BEE-9125-995E81E3D700}.Debug|x64.Build.0 = Debug|x64
		{36DD7DB1-09B3-4BEE-9125-995E81E3D700}.Debug|x86.ActiveCfg = Debug|Win32
		{36DD7DB1-09B3-4BEE-9125-995E81E3D700}.Debug|x86.Build.0 = Debug|Win32
		{36DD7DB1-09B3-4BEE-9125-995E81E3D700}.Release|x64.ActiveCfg = Release|x64
		{36DD7DB1-09B3-4BEE-9125-995E81E3D700}.Release|x64.Build.0 = Release|x64
		{36DD7DB1-09B3-4BEE-9125-995E81E3D700}.Release|x86.ActiveCfg = Release|Win32
		{36DD7DB1-09B3-4BEE-9125-995E81E3D700}.Release|x86.Build.0 = Release|Win32
		{81C69B0F-F146-4584-AC36-C026ED6E7822}.Debug|x64.ActiveCfg = Debug|x64
		{81C69B0F-F146-4584-AC36-C026ED6E7822}.Debug|x64.Build.0 = Debug|x64
		{81C69B0F-F146-4584-AC36-C026ED6E7822}.Debug|x86.ActiveCfg = Debug|Win32
		{81C69B0F-F146-4584-AC36-C026ED6E7822}.Debug|x86.Build.0 = Debug|Win32
		{81C69B0F-F146-4584-AC36-C026ED6E7822}.Release|x64.ActiveCfg = Release|x64
		{81C69B0F-F146-4584-AC36-C026ED6E7822}.Release|x64.Build.0 = Release|x64
		{81C69B0F-F146-4584-AC36-C026ED6E7822}.Release|x86.ActiveCfg = Release|Win32
		{81C69B0F-F146-4584-AC36-C026ED6E7822}.Release|x86.Build.0 = Release|Win32
	EndGlobalSection
	GlobalSection(SolutionProperties) = preSolution
		HideSolutionNode = FALSE
	EndGlobalSection
EndGlobal
